
Microsoft Visual Studio Solution File, Format Version 12.00
# Visual Studio Version 17
VisualStudioVersion = 17.0.31903.59
MinimumVisualStudioVersion = 10.0.40219.1
Project("{2150E333-8FDC-42A3-9474-1A3956D46DE8}") = "src", "src", "{C6D738F5-FCE8-4E9B-9558-2A757B053077}"
EndProject
Project("{FAE04EC0-301F-11D3-BF4B-00C04F79EFBC}") = "AuctionService", "src\AuctionService\AuctionService.csproj", "{318B8552-6688-4432-83F4-363E340FDC5C}"
EndProject
Global
	GlobalSection(SolutionConfigurationPlatforms) = preSolution
		Debug|Any CPU = Debug|Any CPU
		Release|Any CPU = Release|Any CPU
	EndGlobalSection
	GlobalSection(SolutionProperties) = preSolution
		HideSolutionNode = FALSE
	EndGlobalSection
	GlobalSection(ProjectConfigurationPlatforms) = postSolution
		{318B8552-6688-4432-83F4-363E340FDC5C}.Debug|Any CPU.ActiveCfg = Debug|Any CPU
		{318B8552-6688-4432-83F4-363E340FDC5C}.Debug|Any CPU.Build.0 = Debug|Any CPU
		{318B8552-6688-4432-83F4-363E340FDC5C}.Release|Any CPU.ActiveCfg = Release|Any CPU
		{318B8552-6688-4432-83F4-363E340FDC5C}.Release|Any CPU.Build.0 = Release|Any CPU
	EndGlobalSection
	GlobalSection(NestedProjects) = preSolution
		{318B8552-6688-4432-83F4-363E340FDC5C} = {C6D738F5-FCE8-4E9B-9558-2A757B053077}
	EndGlobalSection
EndGlobal
